// !$*UTF8*$!
{
	archiveVersion = 1;
	classes = {
	};
	objectVersion = 46;
	objects = {

/* Begin PBXBuildFile section */
		A65576751E51557C00834DBC /* AppDelegate.swift in Sources */ = {isa = PBXBuildFile; fileRef = A65576741E51557C00834DBC /* AppDelegate.swift */; };
		A65576771E51557C00834DBC /* ViewController.swift in Sources */ = {isa = PBXBuildFile; fileRef = A65576761E51557C00834DBC /* ViewController.swift */; };
		A655767A1E51557C00834DBC /* Main.storyboard in Resources */ = {isa = PBXBuildFile; fileRef = A65576781E51557C00834DBC /* Main.storyboard */; };
		A655767C1E51557C00834DBC /* Assets.xcassets in Resources */ = {isa = PBXBuildFile; fileRef = A655767B1E51557C00834DBC /* Assets.xcassets */; };
		A655767F1E51557C00834DBC /* LaunchScreen.storyboard in Resources */ = {isa = PBXBuildFile; fileRef = A655767D1E51557C00834DBC /* LaunchScreen.storyboard */; };
/* End PBXBuildFile section */

/* Begin PBXFileReference section */
		A65576711E51557C00834DBC /* Demo333.app */ = {isa = PBXFileReference; explicitFileType = wrapper.application; includeInIndex = 0; path = Demo333.app; sourceTree = BUILT_PRODUCTS_DIR; };
		A65576741E51557C00834DBC /* AppDelegate.swift */ = {isa = PBXFileReference; lastKnownFileType = sourcecode.swift; path = AppDelegate.swift; sourceTree = "<group>"; };
		A65576761E51557C00834DBC /* ViewController.swift */ = {isa = PBXFileReference; lastKnownFileType = sourcecode.swift; path = ViewController.swift; sourceTree = "<group>"; };
		A65576791E51557C00834DBC /* Base */ = {isa = PBXFileReference; lastKnownFileType = file.storyboard; name = Base; path = Base.lproj/Main.storyboard; sourceTree = "<group>"; };
		A655767B1E51557C00834DBC /* Assets.xcassets */ = {isa = PBXFileReference; lastKnownFileType = folder.assetcatalog; path = Assets.xcassets; sourceTree = "<group>"; };
		A655767E1E51557C00834DBC /* Base */ = {isa = PBXFileReference; lastKnownFileType = file.storyboard; name = Base; path = Base.lproj/LaunchScreen.storyboard; sourceTree = "<group>"; };
		A65576801E51557C00834DBC /* Info.plist */ = {isa = PBXFileReference; lastKnownFileType = text.plist.xml; path = Info.plist; sourceTree = "<group>"; };
/* End PBXFileReference section */

/* Begin PBXFrameworksBuildPhase section */
		A655766E1E51557C00834DBC /* Frameworks */ = {
			isa = PBXFrameworksBuildPhase;
			buildActionMask = 2147483647;
			files = (
			);
			runOnlyForDeploymentPostprocessing = 0;
		};
/* End PBXFrameworksBuildPhase section */

/* Begin PBXGroup section */
		A65576681E51557C00834DBC = {
			isa = PBXGroup;
			children = (
				A65576731E51557C00834DBC /* Demo333 */,
				A65576721E51557C00834DBC /* Products */,
			);
			sourceTree = "<group>";
		};
		A65576721E51557C00834DBC /* Products */ = {
			isa = PBXGroup;
			children = (
				A65576711E51557C00834DBC /* Demo333.app */,
			);
			name = Products;
			sourceTree = "<group>";
		};
		A65576731E51557C00834DBC /* Demo333 */ = {
			isa = PBXGroup;
			children = (
				A65576741E51557C00834DBC /* AppDelegate.swift */,
				A65576761E51557C00834DBC /* ViewController.swift */,
				A65576781E51557C00834DBC /* Main.storyboard */,
				A655767B1E51557C00834DBC /* Assets.xcassets */,
				A655767D1E51557C00834DBC /* LaunchScreen.storyboard */,
				A65576801E51557C00834DBC /* Info.plist */,
			);
			path = Demo333;
			sourceTree = "<group>";
		};
/* End PBXGroup section */

/* Begin PBXNativeTarget section */
		A65576701E51557C00834DBC /* Demo333 */ = {
			isa = PBXNativeTarget;
			buildConfigurationList = A65576831E51557C00834DBC /* Build configuration list for PBXNativeTarget "Demo333" */;
			buildPhases = (
				A655766D1E51557C00834DBC /* Sources */,
				A655766E1E51557C00834DBC /* Frameworks */,
				A655766F1E51557C00834DBC /* Resources */,
			);
			buildRules = (
			);
			dependencies = (
			);
			name = Demo333;
			productName = Demo333;
			productReference = A65576711E51557C00834DBC /* Demo333.app */;
			productType = "com.apple.product-type.application";
		};
/* End PBXNativeTarget section */

/* Begin PBXProject section */
		A65576691E51557C00834DBC /* Project object */ = {
			isa = PBXProject;
			attributes = {
				LastSwiftUpdateCheck = 0820;
				LastUpgradeCheck = 0820;
				ORGANIZATIONNAME = "Peter Pan";
				TargetAttributes = {
					A65576701E51557C00834DBC = {
						CreatedOnToolsVersion = 8.2.1;
						ProvisioningStyle = Automatic;
					};
				};
			};
			buildConfigurationList = A655766C1E51557C00834DBC /* Build configuration list for PBXProject "Demo333" */;
			compatibilityVersion = "Xcode 3.2";
			developmentRegion = English;
			hasScannedForEncodings = 0;
			knownRegions = (
				en,
				Base,
			);
			mainGroup = A65576681E51557C00834DBC;
			productRefGroup = A65576721E51557C00834DBC /* Products */;
			projectDirPath = "";
			projectRoot = "";
			targets = (
				A65576701E51557C00834DBC /* Demo333 */,
			);
		};
/* End PBXProject section */

/* Begin PBXResourcesBuildPhase section */
		A655766F1E51557C00834DBC /* Resources */ = {
			isa = PBXResourcesBuildPhase;
			buildActionMask = 2147483647;
			files = (
				A655767F1E51557C00834DBC /* LaunchScreen.storyboard in Resources */,
				A655767C1E51557C00834DBC /* Assets.xcassets in Resources */,
				A655767A1E51557C00834DBC /* Main.storyboard in Resources */,
			);
			runOnlyForDeploymentPostprocessing = 0;
		};
/* End PBXResourcesBuildPhase section */

/* Begin PBXSourcesBuildPhase section */
		A655766D1E51557C00834DBC /* Sources */ = {
			isa = PBXSourcesBuildPhase;
			buildActionMask = 2147483647;
			files = (
				A65576771E51557C00834DBC /* ViewController.swift in Sources */,
				A65576751E51557C00834DBC /* AppDelegate.swift in Sources */,
			);
			runOnlyForDeploymentPostprocessing = 0;
		};
/* End PBXSourcesBuildPhase section */

/* Begin PBXVariantGroup section */
		A65576781E51557C00834DBC /* Main.storyboard */ = {
			isa = PBXVariantGroup;
			children = (
				A65576791E51557C00834DBC /* Base */,
			);
			name = Main.storyboard;
			sourceTree = "<group>";
		};
		A655767D1E51557C00834DBC /* LaunchScreen.storyboard */ = {
			isa = PBXVariantGroup;
			children = (
				A655767E1E51557C00834DBC /* Base */,
			);
			name = LaunchScreen.storyboard;
			sourceTree = "<group>";
		};
/* End PBXVariantGroup section */

/* Begin XCBuildConfiguration section */
		A65576811E51557C00834DBC /* Debug */ = {
			isa = XCBuildConfiguration;
			buildSettings = {
				ALWAYS_SEARCH_USER_PATHS = NO;
				CLANG_ANALYZER_NONNULL = YES;
				CLANG_CXX_LANGUAGE_STANDARD = "gnu++0x";
				CLANG_CXX_LIBRARY = "libc++";
				CLANG_ENABLE_MODULES = YES;
				CLANG_ENABLE_OBJC_ARC = YES;
				CLANG_WARN_BOOL_CONVERSION = YES;
				CLANG_WARN_CONSTANT_CONVERSION = YES;
				CLANG_WARN_DIRECT_OBJC_ISA_USAGE = YES_ERROR;
				CLANG_WARN_DOCUMENTATION_COMMENTS = YES;
				CLANG_WARN_EMPTY_BODY = YES;
				CLANG_WARN_ENUM_CONVERSION = YES;
				CLANG_WARN_INFINITE_RECURSION = YES;
				CLANG_WARN_INT_CONVERSION = YES;
				CLANG_WARN_OBJC_ROOT_CLASS = YES_ERROR;
				CLANG_WARN_SUSPICIOUS_MOVE = YES;
				CLANG_WARN_UNREACHABLE_CODE = YES;
				CLANG_WARN__DUPLICATE_METHOD_MATCH = YES;
				"CODE_SIGN_IDENTITY[sdk=iphoneos*]" = "iPhone Developer";
				COPY_PHASE_STRIP = NO;
				DEBUG_INFORMATION_FORMAT = dwarf;
				ENABLE_STRICT_OBJC_MSGSEND = YES;
				ENABLE_TESTABILITY = YES;
				GCC_C_LANGUAGE_STANDARD = gnu99;
				GCC_DYNAMIC_NO_PIC = NO;
				GCC_NO_COMMON_BLOCKS = YES;
				GCC_OPTIMIZATION_LEVEL = 0;
				GCC_PREPROCESSOR_DEFINITIONS = (
					"DEBUG=1",
					"$(inherited)",
				);
				GCC_WARN_64_TO_32_BIT_CONVERSION = YES;
				GCC_WARN_ABOUT_RETURN_TYPE = YES_ERROR;
				GCC_WARN_UNDECLARED_SELECTOR = YES;
				GCC_WARN_UNINITIALIZED_AUTOS = YES_AGGRESSIVE;
				GCC_WARN_UNUSED_FUNCTION = YES;
				GCC_WARN_UNUSED_VARIABLE = YES;
				IPHONEOS_DEPLOYMENT_TARGET = 10.2;
				MTL_ENABLE_DEBUG_INFO = YES;
				ONLY_ACTIVE_ARCH = YES;
				SDKROOT = iphoneos;
				SWIFT_ACTIVE_COMPILATION_CONDITIONS = DEBUG;
				SWIFT_OPTIMIZATION_LEVEL = "-Onone";
			};
			name = Debug;
		};
		A65576821E51557C00834DBC /* Release */ = {
			isa = XCBuildConfiguration;
			buildSettings = {
				ALWAYS_SEARCH_USER_PATHS = NO;
				CLANG_ANALYZER_NONNULL = YES;
				CLANG_CXX_LANGUAGE_STANDARD = "gnu++0x";
				CLANG_CXX_LIBRARY = "libc++";
				CLANG_ENABLE_MODULES = YES;
				CLANG_ENABLE_OBJC_ARC = YES;
				CLANG_WARN_BOOL_CONVERSION = YES;
				CLANG_WARN_CONSTANT_CONVERSION = YES;
				CLANG_WARN_DIRECT_OBJC_ISA_USAGE = YES_ERROR;
				CLANG_WARN_DOCUMENTATION_COMMENTS = YES;
				CLANG_WARN_EMPTY_BODY = YES;
				CLANG_WARN_ENUM_CONVERSION = YES;
				CLANG_WARN_INFINITE_RECURSION = YES;
				CLANG_WARN_INT_CONVERSION = YES;
				CLANG_WARN_OBJC_ROOT_CLASS = YES_ERROR;
				CLANG_WARN_SUSPICIOUS_MOVE = YES;
				CLANG_WARN_UNREACHABLE_CODE = YES;
				CLANG_WARN__DUPLICATE_METHOD_MATCH = YES;
				"CODE_SIGN_IDENTITY[sdk=iphoneos*]" = "iPhone Developer";
				COPY_PHASE_STRIP = NO;
				DEBUG_INFORMATION_FORMAT = "dwarf-with-dsym";
				ENABLE_NS_ASSERTIONS = NO;
				ENABLE_STRICT_OBJC_MSGSEND = YES;
				GCC_C_LANGUAGE_STANDARD = gnu99;
				GCC_NO_COMMON_BLOCKS = YES;
				GCC_WARN_64_TO_32_BIT_CONVERSION = YES;
				GCC_WARN_ABOUT_RETURN_TYPE = YES_ERROR;
				GCC_WARN_UNDECLARED_SELECTOR = YES;
				GCC_WARN_UNINITIALIZED_AUTOS = YES_AGGRESSIVE;
				GCC_WARN_UNUSED_FUNCTION = YES;
				GCC_WARN_UNUSED_VARIABLE = YES;
				IPHONEOS_DEPLOYMENT_TARGET = 10.2;
				MTL_ENABLE_DEBUG_INFO = NO;
				SDKROOT = iphoneos;
				SWIFT_OPTIMIZATION_LEVEL = "-Owholemodule";
				VALIDATE_PRODUCT = YES;
			};
			name = Release;
		};
		A65576841E51557C00834DBC /* Debug */ = {
			isa = XCBuildConfiguration;
			buildSettings = {
				ASSETCATALOG_COMPILER_APPICON_NAME = AppIcon;
				INFOPLIST_FILE = Demo333/Info.plist;
				LD_RUNPATH_SEARCH_PATHS = "$(inherited) @executable_path/Frameworks";
				PRODUCT_BUNDLE_IDENTIFIER = comaaa.Demo333;
				PRODUCT_NAME = "$(TARGET_NAME)";
				SWIFT_VERSION = 3.0;
			};
			name = Debug;
		};
		A65576851E51557C00834DBC /* Release */ = {
			isa = XCBuildConfiguration;
			buildSettings = {
				ASSETCATALOG_COMPILER_APPICON_NAME = AppIcon;
				INFOPLIST_FILE = Demo333/Info.plist;
				LD_RUNPATH_SEARCH_PATHS = "$(inherited) @executable_path/Frameworks";
				PRODUCT_BUNDLE_IDENTIFIER = comaaa.Demo333;
				PRODUCT_NAME = "$(TARGET_NAME)";
				SWIFT_VERSION = 3.0;
			};
			name = Release;
		};
/* End XCBuildConfiguration section */

/* Begin XCConfigurationList section */
		A655766C1E51557C00834DBC /* Build configuration list for PBXProject "Demo333" */ = {
			isa = XCConfigurationList;
			buildConfigurations = (
				A65576811E51557C00834DBC /* Debug */,
				A65576821E51557C00834DBC /* Release */,
			);
			defaultConfigurationIsVisible = 0;
			defaultConfigurationName = Release;
		};
		A65576831E51557C00834DBC /* Build configuration list for PBXNativeTarget "Demo333" */ = {
			isa = XCConfigurationList;
			buildConfigurations = (
				A65576841E51557C00834DBC /* Debug */,
				A65576851E51557C00834DBC /* Release */,
			);
			defaultConfigurationIsVisible = 0;
		};
/* End XCConfigurationList section */
	};
	rootObject = A65576691E51557C00834DBC /* Project object */;
}
